
Microsoft Visual Studio Solution File, Format Version 12.00
# Visual Studio Version 17
VisualStudioVersion = 17.14.36401.2 d17.14
MinimumVisualStudioVersion = 10.0.40219.1
Project("{FAE04EC0-301F-11D3-BF4B-00C04F79EFBC}") = "TP_Final", "TP_Final.csproj", "{51643CDA-FA92-4D04-8DE9-ADAC219F074C}"
EndProject
Global
	GlobalSection(SolutionConfigurationPlatforms) = preSolution
		Debug|Any CPU = Debug|Any CPU
		Release|Any CPU = Release|Any CPU
	EndGlobalSection
	GlobalSection(ProjectConfigurationPlatforms) = postSolution
		{51643CDA-FA92-4D04-8DE9-ADAC219F074C}.Debug|Any CPU.ActiveCfg = Debug|Any CPU
		{51643CDA-FA92-4D04-8DE9-ADAC219F074C}.Debug|Any CPU.Build.0 = Debug|Any CPU
		{51643CDA-FA92-4D04-8DE9-ADAC219F074C}.Release|Any CPU.ActiveCfg = Release|Any CPU
		{51643CDA-FA92-4D04-8DE9-ADAC219F074C}.Release|Any CPU.Build.0 = Release|Any CPU
	EndGlobalSection
	GlobalSection(SolutionProperties) = preSolution
		HideSolutionNode = FALSE
	EndGlobalSection
	GlobalSection(ExtensibilityGlobals) = postSolution
		SolutionGuid = {54BF6712-A175-4494-B05F-68EC5214A796}
	EndGlobalSection
EndGlobal
